<Solution>
  <Folder Name="/src/">
    <Project Path="src/MelliMaharat.Domain/MelliMaharat.Domain.csproj" />
    <Project Path="src/MelliMaharat.Application/MelliMaharat.Application.csproj" />
    <Project Path="src/MelliMaharat.Infrastructure/MelliMaharat.Infrastructure.csproj" />
    <Project Path="src/MelliMaharat.Web/MelliMaharat.Web.csproj" />
  </Folder>
  <Folder Name="/tests/">
    <Project Path="tests/MelliMaharat.IntegrationTests/MelliMaharat.IntegrationTests.csproj" />
    <Project Path="tests/MelliMaharat.UnitTests/MelliMaharat.UnitTests.csproj" />
  </Folder>
</Solution>
