<Solution>
  <Folder Name="/src/">
    <Project Path="MelliMaharat.Dal/MelliMaharat.Dal.csproj" />
    <Project Path="MelliMaharat.Infrastructure/MelliMaharat.Infrastructure.csproj" Id="c9493af6-775c-457b-9957-896e1cf06a23" />
    <Project Path="MelliMaharat.Models/MelliMaharat.Models.csproj" />
    <Project Path="MelliMaharat.Seeding/MelliMaharat.Seeding.csproj" />
    <Project Path="MelliMaharat.UseCases/MelliMaharat.UseCases.csproj" Id="0bb01bf1-4b16-41e9-bf46-c610a5de6f00" />
<<<<<<< HEAD:Desktop/MelliMaharat/MelliMaharat.slnx
    <Project Path="MelliMaharat.Wpf/MelliMaharat.Wpf.csproj" />
  </Folder>
  <Folder Name="/test/">
    <Project Path="MelliMaharat.Tests/MelliMaharat.Tests.csproj" />
=======
    <Project Path="MelliMaharat.Web/MelliMaharat.Web.csproj" Id="e3ef0c05-a6ad-4f29-914b-4647819cab41" />
>>>>>>> main:MelliMaharat/MelliMaharat.slnx
  </Folder>
</Solution>
