<Solution>
  <Project Path="MelliMaharat.Dal/MelliMaharat.Dal.csproj" />
  <Project Path="MelliMaharat.Models/MelliMaharat.Models.csproj" />
  <Project Path="MelliMaharat.Seeding/MelliMaharat.Seeding.csproj" />
  <Project Path="MelliMaharat.Tests/MelliMaharat.Tests.csproj" />
  <Project Path="MelliMaharat.Wpf/MelliMaharat.Wpf.csproj" />
</Solution>
